
Microsoft Visual Studio Solution File, Format Version 12.00
# Visual Studio Version 17
VisualStudioVersion = 17.0.32126.317
MinimumVisualStudioVersion = 10.0.40219.1
Project("{FAE04EC0-301F-11D3-BF4B-00C04F79EFBC}") = "Line_Length_Comparison", "Line_Length_Comparison.csproj", "{D99BCDC5-DDFC-4ABF-8854-36E63690D763}"
EndProject
Global
	GlobalSection(SolutionConfigurationPlatforms) = preSolution
		Debug|Any CPU = Debug|Any CPU
		Release|Any CPU = Release|Any CPU
	EndGlobalSection
	GlobalSection(ProjectConfigurationPlatforms) = postSolution
		{D99BCDC5-DDFC-4ABF-8854-36E63690D763}.Debug|Any CPU.ActiveCfg = Debug|Any CPU
		{D99BCDC5-DDFC-4ABF-8854-36E63690D763}.Debug|Any CPU.Build.0 = Debug|Any CPU
		{D99BCDC5-DDFC-4ABF-8854-36E63690D763}.Release|Any CPU.ActiveCfg = Release|Any CPU
		{D99BCDC5-DDFC-4ABF-8854-36E63690D763}.Release|Any CPU.Build.0 = Release|Any CPU
	EndGlobalSection
	GlobalSection(SolutionProperties) = preSolution
		HideSolutionNode = FALSE
	EndGlobalSection
	GlobalSection(ExtensibilityGlobals) = postSolution
		SolutionGuid = {8FA099C7-2F71-4C0D-A409-B87B4DF132FE}
	EndGlobalSection
EndGlobal
